
Microsoft Visual Studio Solution File, Format Version 12.00
# Visual Studio Version 16
VisualStudioVersion = 16.0.32002.261
MinimumVisualStudioVersion = 10.0.40219.1
Project("{FAE04EC0-301F-11D3-BF4B-00C04F79EFBC}") = "pt_219", "pt_219\pt_219.csproj", "{F6AAEF71-129B-4AC0-8595-3736AA6EF782}"
EndProject
Global
	GlobalSection(SolutionConfigurationPlatforms) = preSolution
		Debug|Any CPU = Debug|Any CPU
		Release|Any CPU = Release|Any CPU
	EndGlobalSection
	GlobalSection(ProjectConfigurationPlatforms) = postSolution
		{F6AAEF71-129B-4AC0-8595-3736AA6EF782}.Debug|Any CPU.ActiveCfg = Debug|Any CPU
		{F6AAEF71-129B-4AC0-8595-3736AA6EF782}.Debug|Any CPU.Build.0 = Debug|Any CPU
		{F6AAEF71-129B-4AC0-8595-3736AA6EF782}.Release|Any CPU.ActiveCfg = Release|Any CPU
		{F6AAEF71-129B-4AC0-8595-3736AA6EF782}.Release|Any CPU.Build.0 = Release|Any CPU
	EndGlobalSection
	GlobalSection(SolutionProperties) = preSolution
		HideSolutionNode = FALSE
	EndGlobalSection
	GlobalSection(ExtensibilityGlobals) = postSolution
		SolutionGuid = {CDE16297-40E7-4379-BDA3-B1538FA0DC97}
	EndGlobalSection
EndGlobal
