
Microsoft Visual Studio Solution File, Format Version 12.00
# Visual Studio Version 16
VisualStudioVersion = 16.0.32002.261
MinimumVisualStudioVersion = 10.0.40219.1
Project("{FAE04EC0-301F-11D3-BF4B-00C04F79EFBC}") = "Pt_218", "Pt_218\Pt_218.csproj", "{8BC56F38-4E07-44A3-ADCC-43A2375244DE}"
EndProject
Global
	GlobalSection(SolutionConfigurationPlatforms) = preSolution
		Debug|Any CPU = Debug|Any CPU
		Release|Any CPU = Release|Any CPU
	EndGlobalSection
	GlobalSection(ProjectConfigurationPlatforms) = postSolution
		{8BC56F38-4E07-44A3-ADCC-43A2375244DE}.Debug|Any CPU.ActiveCfg = Debug|Any CPU
		{8BC56F38-4E07-44A3-ADCC-43A2375244DE}.Debug|Any CPU.Build.0 = Debug|Any CPU
		{8BC56F38-4E07-44A3-ADCC-43A2375244DE}.Release|Any CPU.ActiveCfg = Release|Any CPU
		{8BC56F38-4E07-44A3-ADCC-43A2375244DE}.Release|Any CPU.Build.0 = Release|Any CPU
	EndGlobalSection
	GlobalSection(SolutionProperties) = preSolution
		HideSolutionNode = FALSE
	EndGlobalSection
	GlobalSection(ExtensibilityGlobals) = postSolution
		SolutionGuid = {073CB31D-8E8F-4951-835F-E3ED45D2A707}
	EndGlobalSection
EndGlobal
