
Microsoft Visual Studio Solution File, Format Version 12.00
# Visual Studio Version 16
VisualStudioVersion = 16.0.32002.261
MinimumVisualStudioVersion = 10.0.40219.1
Project("{FAE04EC0-301F-11D3-BF4B-00C04F79EFBC}") = "BooleanLogic", "BooleanLogic\BooleanLogic.csproj", "{57B8D972-68E8-495C-8484-0A192EA3ABE8}"
EndProject
Global
	GlobalSection(SolutionConfigurationPlatforms) = preSolution
		Debug|Any CPU = Debug|Any CPU
		Release|Any CPU = Release|Any CPU
	EndGlobalSection
	GlobalSection(ProjectConfigurationPlatforms) = postSolution
		{57B8D972-68E8-495C-8484-0A192EA3ABE8}.Debug|Any CPU.ActiveCfg = Debug|Any CPU
		{57B8D972-68E8-495C-8484-0A192EA3ABE8}.Debug|Any CPU.Build.0 = Debug|Any CPU
		{57B8D972-68E8-495C-8484-0A192EA3ABE8}.Release|Any CPU.ActiveCfg = Release|Any CPU
		{57B8D972-68E8-495C-8484-0A192EA3ABE8}.Release|Any CPU.Build.0 = Release|Any CPU
	EndGlobalSection
	GlobalSection(SolutionProperties) = preSolution
		HideSolutionNode = FALSE
	EndGlobalSection
	GlobalSection(ExtensibilityGlobals) = postSolution
		SolutionGuid = {2A12BBF8-A978-4278-98CF-AEB45D3A259D}
	EndGlobalSection
EndGlobal
